// !$*UTF8*$!
{
	archiveVersion = 1;
	classes = {
	};
	objectVersion = 46;
	objects = {

/* Begin PBXBuildFile section */
		6480D2A18D9946DE40515788 /* libPods.a in Frameworks */ = {isa = PBXBuildFile; fileRef = C93601EA12F7E161EC888A4F /* libPods.a */; };
		DC060A8C1AB6966B00CB19EB /* main.m in Sources */ = {isa = PBXBuildFile; fileRef = DC060A8B1AB6966B00CB19EB /* main.m */; };
		DC060A8F1AB6966B00CB19EB /* AppDelegate.m in Sources */ = {isa = PBXBuildFile; fileRef = DC060A8E1AB6966B00CB19EB /* AppDelegate.m */; };
		DC060A921AB6966B00CB19EB /* ViewController.m in Sources */ = {isa = PBXBuildFile; fileRef = DC060A911AB6966B00CB19EB /* ViewController.m */; };
		DC060A951AB6966B00CB19EB /* Main.storyboard in Resources */ = {isa = PBXBuildFile; fileRef = DC060A931AB6966B00CB19EB /* Main.storyboard */; };
		DC060A971AB6966B00CB19EB /* Images.xcassets in Resources */ = {isa = PBXBuildFile; fileRef = DC060A961AB6966B00CB19EB /* Images.xcassets */; };
		DC060A9A1AB6966B00CB19EB /* LaunchScreen.xib in Resources */ = {isa = PBXBuildFile; fileRef = DC060A981AB6966B00CB19EB /* LaunchScreen.xib */; };
		DC060AA61AB6966B00CB19EB /* ZhatTests.m in Sources */ = {isa = PBXBuildFile; fileRef = DC060AA51AB6966B00CB19EB /* ZhatTests.m */; };
		DCCEBAEF1AB7084700C806B2 /* WelcomeViewController.m in Sources */ = {isa = PBXBuildFile; fileRef = DCCEBAED1AB7084700C806B2 /* WelcomeViewController.m */; };
		DCCEBAF01AB7084700C806B2 /* WelcomeViewController.xib in Resources */ = {isa = PBXBuildFile; fileRef = DCCEBAEE1AB7084700C806B2 /* WelcomeViewController.xib */; };
		DCCEBAF21AB708B700C806B2 /* loginViewBackground_744x1392.png in Resources */ = {isa = PBXBuildFile; fileRef = DCCEBAF11AB708B700C806B2 /* loginViewBackground_744x1392.png */; };
/* End PBXBuildFile section */

/* Begin PBXContainerItemProxy section */
		DC060AA01AB6966B00CB19EB /* PBXContainerItemProxy */ = {
			isa = PBXContainerItemProxy;
			containerPortal = DC060A7E1AB6966B00CB19EB /* Project object */;
			proxyType = 1;
			remoteGlobalIDString = DC060A851AB6966B00CB19EB;
			remoteInfo = Zhat;
		};
/* End PBXContainerItemProxy section */

/* Begin PBXFileReference section */
		3C0EA1E5AA0E3A95565AFA92 /* Pods.debug.xcconfig */ = {isa = PBXFileReference; includeInIndex = 1; lastKnownFileType = text.xcconfig; name = Pods.debug.xcconfig; path = "Pods/Target Support Files/Pods/Pods.debug.xcconfig"; sourceTree = "<group>"; };
		C93601EA12F7E161EC888A4F /* libPods.a */ = {isa = PBXFileReference; explicitFileType = archive.ar; includeInIndex = 0; path = libPods.a; sourceTree = BUILT_PRODUCTS_DIR; };
		DC060A861AB6966B00CB19EB /* Zhat.app */ = {isa = PBXFileReference; explicitFileType = wrapper.application; includeInIndex = 0; path = Zhat.app; sourceTree = BUILT_PRODUCTS_DIR; };
		DC060A8A1AB6966B00CB19EB /* Info.plist */ = {isa = PBXFileReference; lastKnownFileType = text.plist.xml; path = Info.plist; sourceTree = "<group>"; };
		DC060A8B1AB6966B00CB19EB /* main.m */ = {isa = PBXFileReference; lastKnownFileType = sourcecode.c.objc; path = main.m; sourceTree = "<group>"; };
		DC060A8D1AB6966B00CB19EB /* AppDelegate.h */ = {isa = PBXFileReference; lastKnownFileType = sourcecode.c.h; path = AppDelegate.h; sourceTree = "<group>"; };
		DC060A8E1AB6966B00CB19EB /* AppDelegate.m */ = {isa = PBXFileReference; lastKnownFileType = sourcecode.c.objc; path = AppDelegate.m; sourceTree = "<group>"; };
		DC060A901AB6966B00CB19EB /* ViewController.h */ = {isa = PBXFileReference; lastKnownFileType = sourcecode.c.h; path = ViewController.h; sourceTree = "<group>"; };
		DC060A911AB6966B00CB19EB /* ViewController.m */ = {isa = PBXFileReference; lastKnownFileType = sourcecode.c.objc; path = ViewController.m; sourceTree = "<group>"; };
		DC060A941AB6966B00CB19EB /* Base */ = {isa = PBXFileReference; lastKnownFileType = file.storyboard; name = Base; path = Base.lproj/Main.storyboard; sourceTree = "<group>"; };
		DC060A961AB6966B00CB19EB /* Images.xcassets */ = {isa = PBXFileReference; lastKnownFileType = folder.assetcatalog; path = Images.xcassets; sourceTree = "<group>"; };
		DC060A991AB6966B00CB19EB /* Base */ = {isa = PBXFileReference; lastKnownFileType = file.xib; name = Base; path = Base.lproj/LaunchScreen.xib; sourceTree = "<group>"; };
		DC060A9F1AB6966B00CB19EB /* ZhatTests.xctest */ = {isa = PBXFileReference; explicitFileType = wrapper.cfbundle; includeInIndex = 0; path = ZhatTests.xctest; sourceTree = BUILT_PRODUCTS_DIR; };
		DC060AA41AB6966B00CB19EB /* Info.plist */ = {isa = PBXFileReference; lastKnownFileType = text.plist.xml; path = Info.plist; sourceTree = "<group>"; };
		DC060AA51AB6966B00CB19EB /* ZhatTests.m */ = {isa = PBXFileReference; lastKnownFileType = sourcecode.c.objc; path = ZhatTests.m; sourceTree = "<group>"; };
		DCCEBAEC1AB7084700C806B2 /* WelcomeViewController.h */ = {isa = PBXFileReference; fileEncoding = 4; lastKnownFileType = sourcecode.c.h; path = WelcomeViewController.h; sourceTree = "<group>"; };
		DCCEBAED1AB7084700C806B2 /* WelcomeViewController.m */ = {isa = PBXFileReference; fileEncoding = 4; lastKnownFileType = sourcecode.c.objc; path = WelcomeViewController.m; sourceTree = "<group>"; };
		DCCEBAEE1AB7084700C806B2 /* WelcomeViewController.xib */ = {isa = PBXFileReference; fileEncoding = 4; lastKnownFileType = file.xib; path = WelcomeViewController.xib; sourceTree = "<group>"; };
		DCCEBAF11AB708B700C806B2 /* loginViewBackground_744x1392.png */ = {isa = PBXFileReference; lastKnownFileType = image.png; path = loginViewBackground_744x1392.png; sourceTree = "<group>"; };
		F5600D0EF08E42B61AFA3EFF /* Pods.release.xcconfig */ = {isa = PBXFileReference; includeInIndex = 1; lastKnownFileType = text.xcconfig; name = Pods.release.xcconfig; path = "Pods/Target Support Files/Pods/Pods.release.xcconfig"; sourceTree = "<group>"; };
/* End PBXFileReference section */

/* Begin PBXFrameworksBuildPhase section */
		DC060A831AB6966B00CB19EB /* Frameworks */ = {
			isa = PBXFrameworksBuildPhase;
			buildActionMask = 2147483647;
			files = (
				6480D2A18D9946DE40515788 /* libPods.a in Frameworks */,
			);
			runOnlyForDeploymentPostprocessing = 0;
		};
		DC060A9C1AB6966B00CB19EB /* Frameworks */ = {
			isa = PBXFrameworksBuildPhase;
			buildActionMask = 2147483647;
			files = (
			);
			runOnlyForDeploymentPostprocessing = 0;
		};
/* End PBXFrameworksBuildPhase section */

/* Begin PBXGroup section */
		83642D8C711086E2CFB425B7 /* Pods */ = {
			isa = PBXGroup;
			children = (
				3C0EA1E5AA0E3A95565AFA92 /* Pods.debug.xcconfig */,
				F5600D0EF08E42B61AFA3EFF /* Pods.release.xcconfig */,
			);
			name = Pods;
			sourceTree = "<group>";
		};
		D6DFD37B473477B9409E41C2 /* Frameworks */ = {
			isa = PBXGroup;
			children = (
				C93601EA12F7E161EC888A4F /* libPods.a */,
			);
			name = Frameworks;
			sourceTree = "<group>";
		};
		DC060A7D1AB6966B00CB19EB = {
			isa = PBXGroup;
			children = (
				DC060A881AB6966B00CB19EB /* Zhat */,
				DC060AA21AB6966B00CB19EB /* ZhatTests */,
				DC060A871AB6966B00CB19EB /* Products */,
				83642D8C711086E2CFB425B7 /* Pods */,
				D6DFD37B473477B9409E41C2 /* Frameworks */,
			);
			sourceTree = "<group>";
		};
		DC060A871AB6966B00CB19EB /* Products */ = {
			isa = PBXGroup;
			children = (
				DC060A861AB6966B00CB19EB /* Zhat.app */,
				DC060A9F1AB6966B00CB19EB /* ZhatTests.xctest */,
			);
			name = Products;
			sourceTree = "<group>";
		};
		DC060A881AB6966B00CB19EB /* Zhat */ = {
			isa = PBXGroup;
			children = (
				DCCEBAE11AB705EC00C806B2 /* Resource */,
				DCCEBAE01AB705E100C806B2 /* Class */,
				DC060A8D1AB6966B00CB19EB /* AppDelegate.h */,
				DC060A8E1AB6966B00CB19EB /* AppDelegate.m */,
				DC060A901AB6966B00CB19EB /* ViewController.h */,
				DC060A911AB6966B00CB19EB /* ViewController.m */,
				DC060A931AB6966B00CB19EB /* Main.storyboard */,
				DC060A961AB6966B00CB19EB /* Images.xcassets */,
				DC060A981AB6966B00CB19EB /* LaunchScreen.xib */,
				DC060A891AB6966B00CB19EB /* Supporting Files */,
			);
			path = Zhat;
			sourceTree = "<group>";
		};
		DC060A891AB6966B00CB19EB /* Supporting Files */ = {
			isa = PBXGroup;
			children = (
				DC060A8A1AB6966B00CB19EB /* Info.plist */,
				DC060A8B1AB6966B00CB19EB /* main.m */,
			);
			name = "Supporting Files";
			sourceTree = "<group>";
		};
		DC060AA21AB6966B00CB19EB /* ZhatTests */ = {
			isa = PBXGroup;
			children = (
				DC060AA51AB6966B00CB19EB /* ZhatTests.m */,
				DC060AA31AB6966B00CB19EB /* Supporting Files */,
			);
			path = ZhatTests;
			sourceTree = "<group>";
		};
		DC060AA31AB6966B00CB19EB /* Supporting Files */ = {
			isa = PBXGroup;
			children = (
				DC060AA41AB6966B00CB19EB /* Info.plist */,
			);
			name = "Supporting Files";
			sourceTree = "<group>";
		};
		DCCEBAE01AB705E100C806B2 /* Class */ = {
			isa = PBXGroup;
			children = (
				DCCEBAE61AB7064700C806B2 /* Addition */,
				DCCEBAE41AB7063300C806B2 /* Controller */,
				DCCEBAE51AB7063C00C806B2 /* Model */,
				DCCEBAE21AB7061900C806B2 /* Protocol */,
				DCCEBAE81AB7066100C806B2 /* Service */,
				DCCEBAE71AB7065400C806B2 /* Util */,
				DCCEBAE31AB7062300C806B2 /* View */,
			);
			name = Class;
			sourceTree = "<group>";
		};
		DCCEBAE11AB705EC00C806B2 /* Resource */ = {
			isa = PBXGroup;
			children = (
				DCCEBAF11AB708B700C806B2 /* loginViewBackground_744x1392.png */,
			);
			name = Resource;
			sourceTree = "<group>";
		};
		DCCEBAE21AB7061900C806B2 /* Protocol */ = {
			isa = PBXGroup;
			children = (
			);
			name = Protocol;
			sourceTree = "<group>";
		};
		DCCEBAE31AB7062300C806B2 /* View */ = {
			isa = PBXGroup;
			children = (
			);
			name = View;
			sourceTree = "<group>";
		};
		DCCEBAE41AB7063300C806B2 /* Controller */ = {
			isa = PBXGroup;
			children = (
				DCCEBAEC1AB7084700C806B2 /* WelcomeViewController.h */,
				DCCEBAED1AB7084700C806B2 /* WelcomeViewController.m */,
				DCCEBAEE1AB7084700C806B2 /* WelcomeViewController.xib */,
			);
			name = Controller;
			sourceTree = "<group>";
		};
		DCCEBAE51AB7063C00C806B2 /* Model */ = {
			isa = PBXGroup;
			children = (
			);
			name = Model;
			sourceTree = "<group>";
		};
		DCCEBAE61AB7064700C806B2 /* Addition */ = {
			isa = PBXGroup;
			children = (
			);
			name = Addition;
			sourceTree = "<group>";
		};
		DCCEBAE71AB7065400C806B2 /* Util */ = {
			isa = PBXGroup;
			children = (
			);
			name = Util;
			sourceTree = "<group>";
		};
		DCCEBAE81AB7066100C806B2 /* Service */ = {
			isa = PBXGroup;
			children = (
			);
			name = Service;
			sourceTree = "<group>";
		};
/* End PBXGroup section */

/* Begin PBXNativeTarget section */
		DC060A851AB6966B00CB19EB /* Zhat */ = {
			isa = PBXNativeTarget;
			buildConfigurationList = DC060AA91AB6966B00CB19EB /* Build configuration list for PBXNativeTarget "Zhat" */;
			buildPhases = (
				4E66FD91A78CCEF220556EB0 /* Check Pods Manifest.lock */,
				DC060A821AB6966B00CB19EB /* Sources */,
				DC060A831AB6966B00CB19EB /* Frameworks */,
				DC060A841AB6966B00CB19EB /* Resources */,
				329CB41AEDA2E8309B51BD2B /* Copy Pods Resources */,
			);
			buildRules = (
			);
			dependencies = (
			);
			name = Zhat;
			productName = Zhat;
			productReference = DC060A861AB6966B00CB19EB /* Zhat.app */;
			productType = "com.apple.product-type.application";
		};
		DC060A9E1AB6966B00CB19EB /* ZhatTests */ = {
			isa = PBXNativeTarget;
			buildConfigurationList = DC060AAC1AB6966B00CB19EB /* Build configuration list for PBXNativeTarget "ZhatTests" */;
			buildPhases = (
				DC060A9B1AB6966B00CB19EB /* Sources */,
				DC060A9C1AB6966B00CB19EB /* Frameworks */,
				DC060A9D1AB6966B00CB19EB /* Resources */,
			);
			buildRules = (
			);
			dependencies = (
				DC060AA11AB6966B00CB19EB /* PBXTargetDependency */,
			);
			name = ZhatTests;
			productName = ZhatTests;
			productReference = DC060A9F1AB6966B00CB19EB /* ZhatTests.xctest */;
			productType = "com.apple.product-type.bundle.unit-test";
		};
/* End PBXNativeTarget section */

/* Begin PBXProject section */
		DC060A7E1AB6966B00CB19EB /* Project object */ = {
			isa = PBXProject;
			attributes = {
				LastUpgradeCheck = 0610;
				ORGANIZATIONNAME = "Zhi Li";
				TargetAttributes = {
					DC060A851AB6966B00CB19EB = {
						CreatedOnToolsVersion = 6.1.1;
					};
					DC060A9E1AB6966B00CB19EB = {
						CreatedOnToolsVersion = 6.1.1;
						TestTargetID = DC060A851AB6966B00CB19EB;
					};
				};
			};
			buildConfigurationList = DC060A811AB6966B00CB19EB /* Build configuration list for PBXProject "Zhat" */;
			compatibilityVersion = "Xcode 3.2";
			developmentRegion = English;
			hasScannedForEncodings = 0;
			knownRegions = (
				en,
				Base,
			);
			mainGroup = DC060A7D1AB6966B00CB19EB;
			productRefGroup = DC060A871AB6966B00CB19EB /* Products */;
			projectDirPath = "";
			projectRoot = "";
			targets = (
				DC060A851AB6966B00CB19EB /* Zhat */,
				DC060A9E1AB6966B00CB19EB /* ZhatTests */,
			);
		};
/* End PBXProject section */

/* Begin PBXResourcesBuildPhase section */
		DC060A841AB6966B00CB19EB /* Resources */ = {
			isa = PBXResourcesBuildPhase;
			buildActionMask = 2147483647;
			files = (
				DC060A951AB6966B00CB19EB /* Main.storyboard in Resources */,
				DCCEBAF01AB7084700C806B2 /* WelcomeViewController.xib in Resources */,
				DCCEBAF21AB708B700C806B2 /* loginViewBackground_744x1392.png in Resources */,
				DC060A9A1AB6966B00CB19EB /* LaunchScreen.xib in Resources */,
				DC060A971AB6966B00CB19EB /* Images.xcassets in Resources */,
			);
			runOnlyForDeploymentPostprocessing = 0;
		};
		DC060A9D1AB6966B00CB19EB /* Resources */ = {
			isa = PBXResourcesBuildPhase;
			buildActionMask = 2147483647;
			files = (
			);
			runOnlyForDeploymentPostprocessing = 0;
		};
/* End PBXResourcesBuildPhase section */

/* Begin PBXShellScriptBuildPhase section */
		329CB41AEDA2E8309B51BD2B /* Copy Pods Resources */ = {
			isa = PBXShellScriptBuildPhase;
			buildActionMask = 2147483647;
			files = (
			);
			inputPaths = (
			);
			name = "Copy Pods Resources";
			outputPaths = (
			);
			runOnlyForDeploymentPostprocessing = 0;
			shellPath = /bin/sh;
			shellScript = "\"${SRCROOT}/Pods/Target Support Files/Pods/Pods-resources.sh\"\n";
			showEnvVarsInLog = 0;
		};
		4E66FD91A78CCEF220556EB0 /* Check Pods Manifest.lock */ = {
			isa = PBXShellScriptBuildPhase;
			buildActionMask = 2147483647;
			files = (
			);
			inputPaths = (
			);
			name = "Check Pods Manifest.lock";
			outputPaths = (
			);
			runOnlyForDeploymentPostprocessing = 0;
			shellPath = /bin/sh;
			shellScript = "diff \"${PODS_ROOT}/../Podfile.lock\" \"${PODS_ROOT}/Manifest.lock\" > /dev/null\nif [[ $? != 0 ]] ; then\n    cat << EOM\nerror: The sandbox is not in sync with the Podfile.lock. Run 'pod install' or update your CocoaPods installation.\nEOM\n    exit 1\nfi\n";
			showEnvVarsInLog = 0;
		};
/* End PBXShellScriptBuildPhase section */

/* Begin PBXSourcesBuildPhase section */
		DC060A821AB6966B00CB19EB /* Sources */ = {
			isa = PBXSourcesBuildPhase;
			buildActionMask = 2147483647;
			files = (
				DC060A921AB6966B00CB19EB /* ViewController.m in Sources */,
				DCCEBAEF1AB7084700C806B2 /* WelcomeViewController.m in Sources */,
				DC060A8F1AB6966B00CB19EB /* AppDelegate.m in Sources */,
				DC060A8C1AB6966B00CB19EB /* main.m in Sources */,
			);
			runOnlyForDeploymentPostprocessing = 0;
		};
		DC060A9B1AB6966B00CB19EB /* Sources */ = {
			isa = PBXSourcesBuildPhase;
			buildActionMask = 2147483647;
			files = (
				DC060AA61AB6966B00CB19EB /* ZhatTests.m in Sources */,
			);
			runOnlyForDeploymentPostprocessing = 0;
		};
/* End PBXSourcesBuildPhase section */

/* Begin PBXTargetDependency section */
		DC060AA11AB6966B00CB19EB /* PBXTargetDependency */ = {
			isa = PBXTargetDependency;
			target = DC060A851AB6966B00CB19EB /* Zhat */;
			targetProxy = DC060AA01AB6966B00CB19EB /* PBXContainerItemProxy */;
		};
/* End PBXTargetDependency section */

/* Begin PBXVariantGroup section */
		DC060A931AB6966B00CB19EB /* Main.storyboard */ = {
			isa = PBXVariantGroup;
			children = (
				DC060A941AB6966B00CB19EB /* Base */,
			);
			name = Main.storyboard;
			sourceTree = "<group>";
		};
		DC060A981AB6966B00CB19EB /* LaunchScreen.xib */ = {
			isa = PBXVariantGroup;
			children = (
				DC060A991AB6966B00CB19EB /* Base */,
			);
			name = LaunchScreen.xib;
			sourceTree = "<group>";
		};
/* End PBXVariantGroup section */

/* Begin XCBuildConfiguration section */
		DC060AA71AB6966B00CB19EB /* Debug */ = {
			isa = XCBuildConfiguration;
			buildSettings = {
				ALWAYS_SEARCH_USER_PATHS = NO;
				CLANG_CXX_LANGUAGE_STANDARD = "gnu++0x";
				CLANG_CXX_LIBRARY = "libc++";
				CLANG_ENABLE_MODULES = YES;
				CLANG_ENABLE_OBJC_ARC = YES;
				CLANG_WARN_BOOL_CONVERSION = YES;
				CLANG_WARN_CONSTANT_CONVERSION = YES;
				CLANG_WARN_DIRECT_OBJC_ISA_USAGE = YES_ERROR;
				CLANG_WARN_EMPTY_BODY = YES;
				CLANG_WARN_ENUM_CONVERSION = YES;
				CLANG_WARN_INT_CONVERSION = YES;
				CLANG_WARN_OBJC_ROOT_CLASS = YES_ERROR;
				CLANG_WARN_UNREACHABLE_CODE = YES;
				CLANG_WARN__DUPLICATE_METHOD_MATCH = YES;
				"CODE_SIGN_IDENTITY[sdk=iphoneos*]" = "iPhone Developer";
				COPY_PHASE_STRIP = NO;
				ENABLE_STRICT_OBJC_MSGSEND = YES;
				GCC_C_LANGUAGE_STANDARD = gnu99;
				GCC_DYNAMIC_NO_PIC = NO;
				GCC_OPTIMIZATION_LEVEL = 0;
				GCC_PREPROCESSOR_DEFINITIONS = (
					"DEBUG=1",
					"$(inherited)",
				);
				GCC_SYMBOLS_PRIVATE_EXTERN = NO;
				GCC_WARN_64_TO_32_BIT_CONVERSION = YES;
				GCC_WARN_ABOUT_RETURN_TYPE = YES_ERROR;
				GCC_WARN_UNDECLARED_SELECTOR = YES;
				GCC_WARN_UNINITIALIZED_AUTOS = YES_AGGRESSIVE;
				GCC_WARN_UNUSED_FUNCTION = YES;
				GCC_WARN_UNUSED_VARIABLE = YES;
				IPHONEOS_DEPLOYMENT_TARGET = 8.1;
				MTL_ENABLE_DEBUG_INFO = YES;
				ONLY_ACTIVE_ARCH = YES;
				SDKROOT = iphoneos;
			};
			name = Debug;
		};
		DC060AA81AB6966B00CB19EB /* Release */ = {
			isa = XCBuildConfiguration;
			buildSettings = {
				ALWAYS_SEARCH_USER_PATHS = NO;
				CLANG_CXX_LANGUAGE_STANDARD = "gnu++0x";
				CLANG_CXX_LIBRARY = "libc++";
				CLANG_ENABLE_MODULES = YES;
				CLANG_ENABLE_OBJC_ARC = YES;
				CLANG_WARN_BOOL_CONVERSION = YES;
				CLANG_WARN_CONSTANT_CONVERSION = YES;
				CLANG_WARN_DIRECT_OBJC_ISA_USAGE = YES_ERROR;
				CLANG_WARN_EMPTY_BODY = YES;
				CLANG_WARN_ENUM_CONVERSION = YES;
				CLANG_WARN_INT_CONVERSION = YES;
				CLANG_WARN_OBJC_ROOT_CLASS = YES_ERROR;
				CLANG_WARN_UNREACHABLE_CODE = YES;
				CLANG_WARN__DUPLICATE_METHOD_MATCH = YES;
				"CODE_SIGN_IDENTITY[sdk=iphoneos*]" = "iPhone Developer";
				COPY_PHASE_STRIP = YES;
				ENABLE_NS_ASSERTIONS = NO;
				ENABLE_STRICT_OBJC_MSGSEND = YES;
				GCC_C_LANGUAGE_STANDARD = gnu99;
				GCC_WARN_64_TO_32_BIT_CONVERSION = YES;
				GCC_WARN_ABOUT_RETURN_TYPE = YES_ERROR;
				GCC_WARN_UNDECLARED_SELECTOR = YES;
				GCC_WARN_UNINITIALIZED_AUTOS = YES_AGGRESSIVE;
				GCC_WARN_UNUSED_FUNCTION = YES;
				GCC_WARN_UNUSED_VARIABLE = YES;
				IPHONEOS_DEPLOYMENT_TARGET = 8.1;
				MTL_ENABLE_DEBUG_INFO = NO;
				SDKROOT = iphoneos;
				VALIDATE_PRODUCT = YES;
			};
			name = Release;
		};
		DC060AAA1AB6966B00CB19EB /* Debug */ = {
			isa = XCBuildConfiguration;
			baseConfigurationReference = 3C0EA1E5AA0E3A95565AFA92 /* Pods.debug.xcconfig */;
			buildSettings = {
				ASSETCATALOG_COMPILER_APPICON_NAME = AppIcon;
				INFOPLIST_FILE = Zhat/Info.plist;
				LD_RUNPATH_SEARCH_PATHS = "$(inherited) @executable_path/Frameworks";
				PRODUCT_NAME = "$(TARGET_NAME)";
			};
			name = Debug;
		};
		DC060AAB1AB6966B00CB19EB /* Release */ = {
			isa = XCBuildConfiguration;
			baseConfigurationReference = F5600D0EF08E42B61AFA3EFF /* Pods.release.xcconfig */;
			buildSettings = {
				ASSETCATALOG_COMPILER_APPICON_NAME = AppIcon;
				INFOPLIST_FILE = Zhat/Info.plist;
				LD_RUNPATH_SEARCH_PATHS = "$(inherited) @executable_path/Frameworks";
				PRODUCT_NAME = "$(TARGET_NAME)";
			};
			name = Release;
		};
		DC060AAD1AB6966B00CB19EB /* Debug */ = {
			isa = XCBuildConfiguration;
			buildSettings = {
				BUNDLE_LOADER = "$(TEST_HOST)";
				FRAMEWORK_SEARCH_PATHS = (
					"$(SDKROOT)/Developer/Library/Frameworks",
					"$(inherited)",
				);
				GCC_PREPROCESSOR_DEFINITIONS = (
					"DEBUG=1",
					"$(inherited)",
				);
				INFOPLIST_FILE = ZhatTests/Info.plist;
				LD_RUNPATH_SEARCH_PATHS = "$(inherited) @executable_path/Frameworks @loader_path/Frameworks";
				PRODUCT_NAME = "$(TARGET_NAME)";
				TEST_HOST = "$(BUILT_PRODUCTS_DIR)/Zhat.app/Zhat";
			};
			name = Debug;
		};
		DC060AAE1AB6966B00CB19EB /* Release */ = {
			isa = XCBuildConfiguration;
			buildSettings = {
				BUNDLE_LOADER = "$(TEST_HOST)";
				FRAMEWORK_SEARCH_PATHS = (
					"$(SDKROOT)/Developer/Library/Frameworks",
					"$(inherited)",
				);
				INFOPLIST_FILE = ZhatTests/Info.plist;
				LD_RUNPATH_SEARCH_PATHS = "$(inherited) @executable_path/Frameworks @loader_path/Frameworks";
				PRODUCT_NAME = "$(TARGET_NAME)";
				TEST_HOST = "$(BUILT_PRODUCTS_DIR)/Zhat.app/Zhat";
			};
			name = Release;
		};
/* End XCBuildConfiguration section */

/* Begin XCConfigurationList section */
		DC060A811AB6966B00CB19EB /* Build configuration list for PBXProject "Zhat" */ = {
			isa = XCConfigurationList;
			buildConfigurations = (
				DC060AA71AB6966B00CB19EB /* Debug */,
				DC060AA81AB6966B00CB19EB /* Release */,
			);
			defaultConfigurationIsVisible = 0;
			defaultConfigurationName = Release;
		};
		DC060AA91AB6966B00CB19EB /* Build configuration list for PBXNativeTarget "Zhat" */ = {
			isa = XCConfigurationList;
			buildConfigurations = (
				DC060AAA1AB6966B00CB19EB /* Debug */,
				DC060AAB1AB6966B00CB19EB /* Release */,
			);
			defaultConfigurationIsVisible = 0;
			defaultConfigurationName = Release;
		};
		DC060AAC1AB6966B00CB19EB /* Build configuration list for PBXNativeTarget "ZhatTests" */ = {
			isa = XCConfigurationList;
			buildConfigurations = (
				DC060AAD1AB6966B00CB19EB /* Debug */,
				DC060AAE1AB6966B00CB19EB /* Release */,
			);
			defaultConfigurationIsVisible = 0;
			defaultConfigurationName = Release;
		};
/* End XCConfigurationList section */
	};
	rootObject = DC060A7E1AB6966B00CB19EB /* Project object */;
}
